
Microsoft Visual Studio Solution File, Format Version 12.00
# Visual Studio 15
VisualStudioVersion = 15.0.27004.2002
MinimumVisualStudioVersion = 10.0.40219.1
Project("{FAE04EC0-301F-11D3-BF4B-00C04F79EFBC}") = "Hx.Common", "Common\Hx.Common.csproj", "{BBBABD3A-92F9-4D62-965F-84303FA8F67D}"
EndProject
Project("{FAE04EC0-301F-11D3-BF4B-00C04F79EFBC}") = "Test", "Test\Test.csproj", "{74DA2EC5-4427-4D2A-AAE8-1B3CCDCA15CB}"
EndProject
Project("{FAE04EC0-301F-11D3-BF4B-00C04F79EFBC}") = "Hx.SqlClient", "Hx.SqlClient\Hx.SqlClient.csproj", "{ADB19ABE-B1FA-46EB-A394-1156AAAECF33}"
EndProject
Project("{FAE04EC0-301F-11D3-BF4B-00C04F79EFBC}") = "Hx.Framework", "Hx.Framework\Hx.Framework.csproj", "{FBB75AE2-38F9-4ECE-A640-30D89B393110}"
EndProject
Global
	GlobalSection(SolutionConfigurationPlatforms) = preSolution
		Debug|Any CPU = Debug|Any CPU
		Release|Any CPU = Release|Any CPU
	EndGlobalSection
	GlobalSection(ProjectConfigurationPlatforms) = postSolution
		{BBBABD3A-92F9-4D62-965F-84303FA8F67D}.Debug|Any CPU.ActiveCfg = Debug|Any CPU
		{BBBABD3A-92F9-4D62-965F-84303FA8F67D}.Debug|Any CPU.Build.0 = Debug|Any CPU
		{BBBABD3A-92F9-4D62-965F-84303FA8F67D}.Release|Any CPU.ActiveCfg = Release|Any CPU
		{BBBABD3A-92F9-4D62-965F-84303FA8F67D}.Release|Any CPU.Build.0 = Release|Any CPU
		{74DA2EC5-4427-4D2A-AAE8-1B3CCDCA15CB}.Debug|Any CPU.ActiveCfg = Debug|Any CPU
		{74DA2EC5-4427-4D2A-AAE8-1B3CCDCA15CB}.Debug|Any CPU.Build.0 = Debug|Any CPU
		{74DA2EC5-4427-4D2A-AAE8-1B3CCDCA15CB}.Release|Any CPU.ActiveCfg = Release|Any CPU
		{74DA2EC5-4427-4D2A-AAE8-1B3CCDCA15CB}.Release|Any CPU.Build.0 = Release|Any CPU
		{ADB19ABE-B1FA-46EB-A394-1156AAAECF33}.Debug|Any CPU.ActiveCfg = Debug|Any CPU
		{ADB19ABE-B1FA-46EB-A394-1156AAAECF33}.Debug|Any CPU.Build.0 = Debug|Any CPU
		{ADB19ABE-B1FA-46EB-A394-1156AAAECF33}.Release|Any CPU.ActiveCfg = Release|Any CPU
		{ADB19ABE-B1FA-46EB-A394-1156AAAECF33}.Release|Any CPU.Build.0 = Release|Any CPU
		{FBB75AE2-38F9-4ECE-A640-30D89B393110}.Debug|Any CPU.ActiveCfg = Debug|Any CPU
		{FBB75AE2-38F9-4ECE-A640-30D89B393110}.Debug|Any CPU.Build.0 = Debug|Any CPU
		{FBB75AE2-38F9-4ECE-A640-30D89B393110}.Release|Any CPU.ActiveCfg = Release|Any CPU
		{FBB75AE2-38F9-4ECE-A640-30D89B393110}.Release|Any CPU.Build.0 = Release|Any CPU
	EndGlobalSection
	GlobalSection(SolutionProperties) = preSolution
		HideSolutionNode = FALSE
	EndGlobalSection
	GlobalSection(ExtensibilityGlobals) = postSolution
		SolutionGuid = {D3A06E77-0544-416C-8374-B89A2A7AE3DA}
	EndGlobalSection
EndGlobal
