
Microsoft Visual Studio Solution File, Format Version 12.00
# Visual Studio Version 16
VisualStudioVersion = 16.0.30225.117
MinimumVisualStudioVersion = 10.0.40219.1
Project("{FAE04EC0-301F-11D3-BF4B-00C04F79EFBC}") = "Test", "Test\Test.csproj", "{74DA2EC5-4427-4D2A-AAE8-1B3CCDCA15CB}"
EndProject
Project("{FAE04EC0-301F-11D3-BF4B-00C04F79EFBC}") = "Hx.SqlClient", "Hx.SqlClient\Hx.SqlClient.csproj", "{ADB19ABE-B1FA-46EB-A394-1156AAAECF33}"
EndProject
Project("{9A19103F-16F7-4668-BE54-9A1E7A4F7556}") = "Hx.Sdk.Entity", "Hx.Sdk.Entity\Hx.Sdk.Entity.csproj", "{CB0616A0-0B8A-4C40-B716-DFDD8FE40909}"
EndProject
Project("{9A19103F-16F7-4668-BE54-9A1E7A4F7556}") = "Hx.Sdk.Common", "Hx.Sdk.Common\Hx.Sdk.Common.csproj", "{C31204CE-ED57-47CF-B26C-0F60B94781F0}"
EndProject
Project("{FAE04EC0-301F-11D3-BF4B-00C04F79EFBC}") = "Hx.Sdk.NetFramework", "Hx.Sdk.NetFramework\Hx.Sdk.NetFramework.csproj", "{D9517B07-D58D-4328-BE95-3F6A9B4AA2BF}"
EndProject
Project("{9A19103F-16F7-4668-BE54-9A1E7A4F7556}") = "Hx.Sdk.NetCore", "Hx.Sdk.NetCore\Hx.Sdk.NetCore.csproj", "{062D228C-4D05-4316-918F-B7E6997584B4}"
EndProject
Project("{9A19103F-16F7-4668-BE54-9A1E7A4F7556}") = "Hx.Sdk.NetCore.Cache", "Hx.Sdk.NetCore.Cache\Hx.Sdk.NetCore.Cache.csproj", "{F193A9A4-7229-4B30-A66E-FAC79907F41F}"
EndProject
Project("{9A19103F-16F7-4668-BE54-9A1E7A4F7556}") = "Hx.Sdk.NetCore.Core", "Hx.Sdk.NetCore.Core\Hx.Sdk.NetCore.Core.csproj", "{D0FA2314-829F-4C36-BB30-70B37F9C4427}"
EndProject
Project("{2150E333-8FDC-42A3-9474-1A3956D46DE8}") = "NetCore", "NetCore", "{079D3BE6-8111-4A75-8044-C1049F87CCA5}"
EndProject
Project("{2150E333-8FDC-42A3-9474-1A3956D46DE8}") = "NetFramework", "NetFramework", "{23BAB2C0-CA56-438E-B42B-666E8CDD06A4}"
EndProject
Project("{9A19103F-16F7-4668-BE54-9A1E7A4F7556}") = "Hx.Sdk.NetCore.Config", "Hx.Sdk.NetCore.Config\Hx.Sdk.NetCore.Config.csproj", "{B4117107-2356-40E9-9666-D52C23BE1F92}"
EndProject
Project("{9A19103F-16F7-4668-BE54-9A1E7A4F7556}") = "Hx.Sdk.NetCore.ImageSharp", "Hx.Sdk.NetCore.ImageSharp\Hx.Sdk.NetCore.ImageSharp.csproj", "{4709C158-AA0E-468E-8908-47C2BA9B03F2}"
EndProject
Project("{FAE04EC0-301F-11D3-BF4B-00C04F79EFBC}") = "Hx.Sdk.NetCore.Test", "Hx.Sdk.NetCore.Test\Hx.Sdk.NetCore.Test.csproj", "{14FB6F3B-CD3C-4A43-9E58-448493EB1B1A}"
EndProject
Global
	GlobalSection(SolutionConfigurationPlatforms) = preSolution
		Debug|Any CPU = Debug|Any CPU
		Release|Any CPU = Release|Any CPU
	EndGlobalSection
	GlobalSection(ProjectConfigurationPlatforms) = postSolution
		{74DA2EC5-4427-4D2A-AAE8-1B3CCDCA15CB}.Debug|Any CPU.ActiveCfg = Debug|Any CPU
		{74DA2EC5-4427-4D2A-AAE8-1B3CCDCA15CB}.Debug|Any CPU.Build.0 = Debug|Any CPU
		{74DA2EC5-4427-4D2A-AAE8-1B3CCDCA15CB}.Release|Any CPU.ActiveCfg = Release|Any CPU
		{74DA2EC5-4427-4D2A-AAE8-1B3CCDCA15CB}.Release|Any CPU.Build.0 = Release|Any CPU
		{ADB19ABE-B1FA-46EB-A394-1156AAAECF33}.Debug|Any CPU.ActiveCfg = Debug|Any CPU
		{ADB19ABE-B1FA-46EB-A394-1156AAAECF33}.Debug|Any CPU.Build.0 = Debug|Any CPU
		{ADB19ABE-B1FA-46EB-A394-1156AAAECF33}.Release|Any CPU.ActiveCfg = Release|Any CPU
		{ADB19ABE-B1FA-46EB-A394-1156AAAECF33}.Release|Any CPU.Build.0 = Release|Any CPU
		{CB0616A0-0B8A-4C40-B716-DFDD8FE40909}.Debug|Any CPU.ActiveCfg = Debug|Any CPU
		{CB0616A0-0B8A-4C40-B716-DFDD8FE40909}.Debug|Any CPU.Build.0 = Debug|Any CPU
		{CB0616A0-0B8A-4C40-B716-DFDD8FE40909}.Release|Any CPU.ActiveCfg = Release|Any CPU
		{CB0616A0-0B8A-4C40-B716-DFDD8FE40909}.Release|Any CPU.Build.0 = Release|Any CPU
		{C31204CE-ED57-47CF-B26C-0F60B94781F0}.Debug|Any CPU.ActiveCfg = Debug|Any CPU
		{C31204CE-ED57-47CF-B26C-0F60B94781F0}.Debug|Any CPU.Build.0 = Debug|Any CPU
		{C31204CE-ED57-47CF-B26C-0F60B94781F0}.Release|Any CPU.ActiveCfg = Release|Any CPU
		{C31204CE-ED57-47CF-B26C-0F60B94781F0}.Release|Any CPU.Build.0 = Release|Any CPU
		{D9517B07-D58D-4328-BE95-3F6A9B4AA2BF}.Debug|Any CPU.ActiveCfg = Debug|Any CPU
		{D9517B07-D58D-4328-BE95-3F6A9B4AA2BF}.Debug|Any CPU.Build.0 = Debug|Any CPU
		{D9517B07-D58D-4328-BE95-3F6A9B4AA2BF}.Release|Any CPU.ActiveCfg = Release|Any CPU
		{D9517B07-D58D-4328-BE95-3F6A9B4AA2BF}.Release|Any CPU.Build.0 = Release|Any CPU
		{062D228C-4D05-4316-918F-B7E6997584B4}.Debug|Any CPU.ActiveCfg = Debug|Any CPU
		{062D228C-4D05-4316-918F-B7E6997584B4}.Debug|Any CPU.Build.0 = Debug|Any CPU
		{062D228C-4D05-4316-918F-B7E6997584B4}.Release|Any CPU.ActiveCfg = Release|Any CPU
		{062D228C-4D05-4316-918F-B7E6997584B4}.Release|Any CPU.Build.0 = Release|Any CPU
		{F193A9A4-7229-4B30-A66E-FAC79907F41F}.Debug|Any CPU.ActiveCfg = Debug|Any CPU
		{F193A9A4-7229-4B30-A66E-FAC79907F41F}.Debug|Any CPU.Build.0 = Debug|Any CPU
		{F193A9A4-7229-4B30-A66E-FAC79907F41F}.Release|Any CPU.ActiveCfg = Release|Any CPU
		{F193A9A4-7229-4B30-A66E-FAC79907F41F}.Release|Any CPU.Build.0 = Release|Any CPU
		{D0FA2314-829F-4C36-BB30-70B37F9C4427}.Debug|Any CPU.ActiveCfg = Debug|Any CPU
		{D0FA2314-829F-4C36-BB30-70B37F9C4427}.Debug|Any CPU.Build.0 = Debug|Any CPU
		{D0FA2314-829F-4C36-BB30-70B37F9C4427}.Release|Any CPU.ActiveCfg = Release|Any CPU
		{D0FA2314-829F-4C36-BB30-70B37F9C4427}.Release|Any CPU.Build.0 = Release|Any CPU
		{B4117107-2356-40E9-9666-D52C23BE1F92}.Debug|Any CPU.ActiveCfg = Debug|Any CPU
		{B4117107-2356-40E9-9666-D52C23BE1F92}.Debug|Any CPU.Build.0 = Debug|Any CPU
		{B4117107-2356-40E9-9666-D52C23BE1F92}.Release|Any CPU.ActiveCfg = Release|Any CPU
		{B4117107-2356-40E9-9666-D52C23BE1F92}.Release|Any CPU.Build.0 = Release|Any CPU
		{4709C158-AA0E-468E-8908-47C2BA9B03F2}.Debug|Any CPU.ActiveCfg = Debug|Any CPU
		{4709C158-AA0E-468E-8908-47C2BA9B03F2}.Debug|Any CPU.Build.0 = Debug|Any CPU
		{4709C158-AA0E-468E-8908-47C2BA9B03F2}.Release|Any CPU.ActiveCfg = Release|Any CPU
		{4709C158-AA0E-468E-8908-47C2BA9B03F2}.Release|Any CPU.Build.0 = Release|Any CPU
		{14FB6F3B-CD3C-4A43-9E58-448493EB1B1A}.Debug|Any CPU.ActiveCfg = Debug|Any CPU
		{14FB6F3B-CD3C-4A43-9E58-448493EB1B1A}.Debug|Any CPU.Build.0 = Debug|Any CPU
		{14FB6F3B-CD3C-4A43-9E58-448493EB1B1A}.Release|Any CPU.ActiveCfg = Release|Any CPU
		{14FB6F3B-CD3C-4A43-9E58-448493EB1B1A}.Release|Any CPU.Build.0 = Release|Any CPU
	EndGlobalSection
	GlobalSection(SolutionProperties) = preSolution
		HideSolutionNode = FALSE
	EndGlobalSection
	GlobalSection(NestedProjects) = preSolution
		{74DA2EC5-4427-4D2A-AAE8-1B3CCDCA15CB} = {23BAB2C0-CA56-438E-B42B-666E8CDD06A4}
		{D9517B07-D58D-4328-BE95-3F6A9B4AA2BF} = {23BAB2C0-CA56-438E-B42B-666E8CDD06A4}
		{062D228C-4D05-4316-918F-B7E6997584B4} = {079D3BE6-8111-4A75-8044-C1049F87CCA5}
		{F193A9A4-7229-4B30-A66E-FAC79907F41F} = {079D3BE6-8111-4A75-8044-C1049F87CCA5}
		{D0FA2314-829F-4C36-BB30-70B37F9C4427} = {079D3BE6-8111-4A75-8044-C1049F87CCA5}
		{B4117107-2356-40E9-9666-D52C23BE1F92} = {079D3BE6-8111-4A75-8044-C1049F87CCA5}
		{4709C158-AA0E-468E-8908-47C2BA9B03F2} = {079D3BE6-8111-4A75-8044-C1049F87CCA5}
		{14FB6F3B-CD3C-4A43-9E58-448493EB1B1A} = {079D3BE6-8111-4A75-8044-C1049F87CCA5}
	EndGlobalSection
	GlobalSection(ExtensibilityGlobals) = postSolution
		SolutionGuid = {D3A06E77-0544-416C-8374-B89A2A7AE3DA}
	EndGlobalSection
EndGlobal
