
Microsoft Visual Studio Solution File, Format Version 12.00
# Visual Studio Version 16
VisualStudioVersion = 16.0.30225.117
MinimumVisualStudioVersion = 10.0.40219.1
Project("{9A19103F-16F7-4668-BE54-9A1E7A4F7556}") = "Hx.Sdk.Entity", "Hx.Sdk.Entity\Hx.Sdk.Entity.csproj", "{CB0616A0-0B8A-4C40-B716-DFDD8FE40909}"
EndProject
Project("{9A19103F-16F7-4668-BE54-9A1E7A4F7556}") = "Hx.Sdk.Common", "Hx.Sdk.Common\Hx.Sdk.Common.csproj", "{C31204CE-ED57-47CF-B26C-0F60B94781F0}"
EndProject
Project("{2150E333-8FDC-42A3-9474-1A3956D46DE8}") = "NetCore", "NetCore", "{079D3BE6-8111-4A75-8044-C1049F87CCA5}"
EndProject
Project("{2150E333-8FDC-42A3-9474-1A3956D46DE8}") = "NetFramework", "NetFramework", "{23BAB2C0-CA56-438E-B42B-666E8CDD06A4}"
EndProject
Project("{9A19103F-16F7-4668-BE54-9A1E7A4F7556}") = "Hx.Sdk.NetCore.Test", "Hx.Sdk.NetCore.Test\Hx.Sdk.NetCore.Test.csproj", "{14FB6F3B-CD3C-4A43-9E58-448493EB1B1A}"
EndProject
Project("{FAE04EC0-301F-11D3-BF4B-00C04F79EFBC}") = "Hx.Sdk.NetFramework.Cache", "Hx.Sdk.NetFramework.Cache\Hx.Sdk.NetFramework.Cache.csproj", "{B368078A-04EB-4823-A8B2-B31A22A2654A}"
EndProject
Project("{FAE04EC0-301F-11D3-BF4B-00C04F79EFBC}") = "Hx.Sdk.NetFramework.Core", "Hx.Sdk.NetFramework.Core\Hx.Sdk.NetFramework.Core.csproj", "{839548BE-166F-4A43-A06A-1B3283ED9070}"
EndProject
Project("{FAE04EC0-301F-11D3-BF4B-00C04F79EFBC}") = "Hx.Sdk.NetFramework.Web", "Hx.Sdk.NetFramework.Web\Hx.Sdk.NetFramework.Web.csproj", "{9C70FC10-95F6-4221-A867-A328B144A1B4}"
EndProject
Project("{FAE04EC0-301F-11D3-BF4B-00C04F79EFBC}") = "Hx.Sdk.NetFramework.Logs", "Hx.Sdk.NetFramework.Logs\Hx.Sdk.NetFramework.Logs.csproj", "{19194E76-F9C9-44EC-94E1-FDFA46B8BE24}"
EndProject
Project("{FAE04EC0-301F-11D3-BF4B-00C04F79EFBC}") = "Hx.Sdk.NetFramework.Autofac", "Hx.Sdk.NetFramework.Autofac\Hx.Sdk.NetFramework.Autofac.csproj", "{0AA220FB-A343-4F3E-B662-1D803E1B92F7}"
EndProject
Project("{FAE04EC0-301F-11D3-BF4B-00C04F79EFBC}") = "Hx.Sdk.NetFramework.AutoMapper", "Hx.Sdk.NetFramework.AutoMapper\Hx.Sdk.NetFramework.AutoMapper.csproj", "{8FAF03F0-060D-47DF-8A92-0665B2428E37}"
EndProject
Project("{FAE04EC0-301F-11D3-BF4B-00C04F79EFBC}") = "Hx.Sdk.NetFramework.Test", "Hx.Sdk.NetFramework.Test\Hx.Sdk.NetFramework.Test.csproj", "{FDC8865D-31E3-4646-B4DD-7977D976EEE0}"
EndProject
Project("{9A19103F-16F7-4668-BE54-9A1E7A4F7556}") = "Hx.Sdk.EntityFrameworkCore", "Hx.Sdk.EntityFrameworkCore\Hx.Sdk.EntityFrameworkCore.csproj", "{B25BCB10-FFAF-41CB-B97E-3CCDEC2B2A5E}"
EndProject
Project("{9A19103F-16F7-4668-BE54-9A1E7A4F7556}") = "Hx.Sdk.DatabaseAccessor", "Hx.Sdk.DatabaseAccessor\Hx.Sdk.DatabaseAccessor.csproj", "{B3FFD2AA-4EC3-4BE2-ABE0-F2F47D0B4412}"
EndProject
Project("{9A19103F-16F7-4668-BE54-9A1E7A4F7556}") = "Hx.Sdk.Core", "Hx.Sdk.Core\Hx.Sdk.Core.csproj", "{FB810313-7542-4553-A95B-322321A8D7BD}"
EndProject
Project("{9A19103F-16F7-4668-BE54-9A1E7A4F7556}") = "Hx.Sdk.Cache", "Hx.Sdk.Cache\Hx.Sdk.Cache.csproj", "{B128601D-1FF0-4183-B5DD-B369C3DE8D1C}"
EndProject
Project("{2150E333-8FDC-42A3-9474-1A3956D46DE8}") = "Test", "Test", "{19DB3EAC-9F3C-44E9-B875-D6AD032AC5B7}"
EndProject
Project("{9A19103F-16F7-4668-BE54-9A1E7A4F7556}") = "Hx.Sdk.Test.Entity", "Hx.Sdk.Test.Entity\Hx.Sdk.Test.Entity.csproj", "{6B6A5A8A-0A93-4AE3-B8EA-4A0CC44C570B}"
EndProject
Project("{9A19103F-16F7-4668-BE54-9A1E7A4F7556}") = "Hx.Sdk.WebApi", "Hx.Sdk.WebApi\Hx.Sdk.WebApi.csproj", "{EC3DCAB5-4310-423B-B865-8DE2915D730D}"
EndProject
Project("{9A19103F-16F7-4668-BE54-9A1E7A4F7556}") = "Hx.Sdk.ImageSharp", "Hx.Sdk.ImageSharp\Hx.Sdk.ImageSharp.csproj", "{5166068A-A564-447E-A2A1-E57DA3E70915}"
EndProject
Project("{9A19103F-16F7-4668-BE54-9A1E7A4F7556}") = "Hx.Sdk.DependencyInjection", "Hx.Sdk.DependencyInjection\Hx.Sdk.DependencyInjection.csproj", "{F8D1F241-B7B7-4674-883B-248F80BF4779}"
EndProject
Project("{FAE04EC0-301F-11D3-BF4B-00C04F79EFBC}") = "Hx.Sdk.Swagger", "Hx.Sdk.Swagger\Hx.Sdk.Swagger.csproj", "{0EBD2575-E38D-4C8F-BAEA-D95F81BBD5DD}"
EndProject
Global
	GlobalSection(SolutionConfigurationPlatforms) = preSolution
		Debug|Any CPU = Debug|Any CPU
		Release|Any CPU = Release|Any CPU
	EndGlobalSection
	GlobalSection(ProjectConfigurationPlatforms) = postSolution
		{CB0616A0-0B8A-4C40-B716-DFDD8FE40909}.Debug|Any CPU.ActiveCfg = Debug|Any CPU
		{CB0616A0-0B8A-4C40-B716-DFDD8FE40909}.Debug|Any CPU.Build.0 = Debug|Any CPU
		{CB0616A0-0B8A-4C40-B716-DFDD8FE40909}.Release|Any CPU.ActiveCfg = Release|Any CPU
		{CB0616A0-0B8A-4C40-B716-DFDD8FE40909}.Release|Any CPU.Build.0 = Release|Any CPU
		{C31204CE-ED57-47CF-B26C-0F60B94781F0}.Debug|Any CPU.ActiveCfg = Debug|Any CPU
		{C31204CE-ED57-47CF-B26C-0F60B94781F0}.Debug|Any CPU.Build.0 = Debug|Any CPU
		{C31204CE-ED57-47CF-B26C-0F60B94781F0}.Release|Any CPU.ActiveCfg = Release|Any CPU
		{C31204CE-ED57-47CF-B26C-0F60B94781F0}.Release|Any CPU.Build.0 = Release|Any CPU
		{14FB6F3B-CD3C-4A43-9E58-448493EB1B1A}.Debug|Any CPU.ActiveCfg = Debug|Any CPU
		{14FB6F3B-CD3C-4A43-9E58-448493EB1B1A}.Debug|Any CPU.Build.0 = Debug|Any CPU
		{14FB6F3B-CD3C-4A43-9E58-448493EB1B1A}.Release|Any CPU.ActiveCfg = Release|Any CPU
		{14FB6F3B-CD3C-4A43-9E58-448493EB1B1A}.Release|Any CPU.Build.0 = Release|Any CPU
		{B368078A-04EB-4823-A8B2-B31A22A2654A}.Debug|Any CPU.ActiveCfg = Debug|Any CPU
		{B368078A-04EB-4823-A8B2-B31A22A2654A}.Debug|Any CPU.Build.0 = Debug|Any CPU
		{B368078A-04EB-4823-A8B2-B31A22A2654A}.Release|Any CPU.ActiveCfg = Release|Any CPU
		{B368078A-04EB-4823-A8B2-B31A22A2654A}.Release|Any CPU.Build.0 = Release|Any CPU
		{839548BE-166F-4A43-A06A-1B3283ED9070}.Debug|Any CPU.ActiveCfg = Debug|Any CPU
		{839548BE-166F-4A43-A06A-1B3283ED9070}.Debug|Any CPU.Build.0 = Debug|Any CPU
		{839548BE-166F-4A43-A06A-1B3283ED9070}.Release|Any CPU.ActiveCfg = Release|Any CPU
		{839548BE-166F-4A43-A06A-1B3283ED9070}.Release|Any CPU.Build.0 = Release|Any CPU
		{9C70FC10-95F6-4221-A867-A328B144A1B4}.Debug|Any CPU.ActiveCfg = Debug|Any CPU
		{9C70FC10-95F6-4221-A867-A328B144A1B4}.Debug|Any CPU.Build.0 = Debug|Any CPU
		{9C70FC10-95F6-4221-A867-A328B144A1B4}.Release|Any CPU.ActiveCfg = Release|Any CPU
		{9C70FC10-95F6-4221-A867-A328B144A1B4}.Release|Any CPU.Build.0 = Release|Any CPU
		{19194E76-F9C9-44EC-94E1-FDFA46B8BE24}.Debug|Any CPU.ActiveCfg = Debug|Any CPU
		{19194E76-F9C9-44EC-94E1-FDFA46B8BE24}.Debug|Any CPU.Build.0 = Debug|Any CPU
		{19194E76-F9C9-44EC-94E1-FDFA46B8BE24}.Release|Any CPU.ActiveCfg = Release|Any CPU
		{19194E76-F9C9-44EC-94E1-FDFA46B8BE24}.Release|Any CPU.Build.0 = Release|Any CPU
		{0AA220FB-A343-4F3E-B662-1D803E1B92F7}.Debug|Any CPU.ActiveCfg = Debug|Any CPU
		{0AA220FB-A343-4F3E-B662-1D803E1B92F7}.Debug|Any CPU.Build.0 = Debug|Any CPU
		{0AA220FB-A343-4F3E-B662-1D803E1B92F7}.Release|Any CPU.ActiveCfg = Release|Any CPU
		{0AA220FB-A343-4F3E-B662-1D803E1B92F7}.Release|Any CPU.Build.0 = Release|Any CPU
		{8FAF03F0-060D-47DF-8A92-0665B2428E37}.Debug|Any CPU.ActiveCfg = Debug|Any CPU
		{8FAF03F0-060D-47DF-8A92-0665B2428E37}.Debug|Any CPU.Build.0 = Debug|Any CPU
		{8FAF03F0-060D-47DF-8A92-0665B2428E37}.Release|Any CPU.ActiveCfg = Release|Any CPU
		{8FAF03F0-060D-47DF-8A92-0665B2428E37}.Release|Any CPU.Build.0 = Release|Any CPU
		{FDC8865D-31E3-4646-B4DD-7977D976EEE0}.Debug|Any CPU.ActiveCfg = Debug|Any CPU
		{FDC8865D-31E3-4646-B4DD-7977D976EEE0}.Debug|Any CPU.Build.0 = Debug|Any CPU
		{FDC8865D-31E3-4646-B4DD-7977D976EEE0}.Release|Any CPU.ActiveCfg = Release|Any CPU
		{FDC8865D-31E3-4646-B4DD-7977D976EEE0}.Release|Any CPU.Build.0 = Release|Any CPU
		{B25BCB10-FFAF-41CB-B97E-3CCDEC2B2A5E}.Debug|Any CPU.ActiveCfg = Debug|Any CPU
		{B25BCB10-FFAF-41CB-B97E-3CCDEC2B2A5E}.Debug|Any CPU.Build.0 = Debug|Any CPU
		{B25BCB10-FFAF-41CB-B97E-3CCDEC2B2A5E}.Release|Any CPU.ActiveCfg = Release|Any CPU
		{B25BCB10-FFAF-41CB-B97E-3CCDEC2B2A5E}.Release|Any CPU.Build.0 = Release|Any CPU
		{B3FFD2AA-4EC3-4BE2-ABE0-F2F47D0B4412}.Debug|Any CPU.ActiveCfg = Debug|Any CPU
		{B3FFD2AA-4EC3-4BE2-ABE0-F2F47D0B4412}.Debug|Any CPU.Build.0 = Debug|Any CPU
		{B3FFD2AA-4EC3-4BE2-ABE0-F2F47D0B4412}.Release|Any CPU.ActiveCfg = Release|Any CPU
		{B3FFD2AA-4EC3-4BE2-ABE0-F2F47D0B4412}.Release|Any CPU.Build.0 = Release|Any CPU
		{FB810313-7542-4553-A95B-322321A8D7BD}.Debug|Any CPU.ActiveCfg = Debug|Any CPU
		{FB810313-7542-4553-A95B-322321A8D7BD}.Debug|Any CPU.Build.0 = Debug|Any CPU
		{FB810313-7542-4553-A95B-322321A8D7BD}.Release|Any CPU.ActiveCfg = Release|Any CPU
		{FB810313-7542-4553-A95B-322321A8D7BD}.Release|Any CPU.Build.0 = Release|Any CPU
		{B128601D-1FF0-4183-B5DD-B369C3DE8D1C}.Debug|Any CPU.ActiveCfg = Debug|Any CPU
		{B128601D-1FF0-4183-B5DD-B369C3DE8D1C}.Debug|Any CPU.Build.0 = Debug|Any CPU
		{B128601D-1FF0-4183-B5DD-B369C3DE8D1C}.Release|Any CPU.ActiveCfg = Release|Any CPU
		{B128601D-1FF0-4183-B5DD-B369C3DE8D1C}.Release|Any CPU.Build.0 = Release|Any CPU
		{6B6A5A8A-0A93-4AE3-B8EA-4A0CC44C570B}.Debug|Any CPU.ActiveCfg = Debug|Any CPU
		{6B6A5A8A-0A93-4AE3-B8EA-4A0CC44C570B}.Debug|Any CPU.Build.0 = Debug|Any CPU
		{6B6A5A8A-0A93-4AE3-B8EA-4A0CC44C570B}.Release|Any CPU.ActiveCfg = Release|Any CPU
		{6B6A5A8A-0A93-4AE3-B8EA-4A0CC44C570B}.Release|Any CPU.Build.0 = Release|Any CPU
		{EC3DCAB5-4310-423B-B865-8DE2915D730D}.Debug|Any CPU.ActiveCfg = Debug|Any CPU
		{EC3DCAB5-4310-423B-B865-8DE2915D730D}.Debug|Any CPU.Build.0 = Debug|Any CPU
		{EC3DCAB5-4310-423B-B865-8DE2915D730D}.Release|Any CPU.ActiveCfg = Release|Any CPU
		{EC3DCAB5-4310-423B-B865-8DE2915D730D}.Release|Any CPU.Build.0 = Release|Any CPU
		{5166068A-A564-447E-A2A1-E57DA3E70915}.Debug|Any CPU.ActiveCfg = Debug|Any CPU
		{5166068A-A564-447E-A2A1-E57DA3E70915}.Debug|Any CPU.Build.0 = Debug|Any CPU
		{5166068A-A564-447E-A2A1-E57DA3E70915}.Release|Any CPU.ActiveCfg = Release|Any CPU
		{5166068A-A564-447E-A2A1-E57DA3E70915}.Release|Any CPU.Build.0 = Release|Any CPU
		{F8D1F241-B7B7-4674-883B-248F80BF4779}.Debug|Any CPU.ActiveCfg = Debug|Any CPU
		{F8D1F241-B7B7-4674-883B-248F80BF4779}.Debug|Any CPU.Build.0 = Debug|Any CPU
		{F8D1F241-B7B7-4674-883B-248F80BF4779}.Release|Any CPU.ActiveCfg = Release|Any CPU
		{F8D1F241-B7B7-4674-883B-248F80BF4779}.Release|Any CPU.Build.0 = Release|Any CPU
		{0EBD2575-E38D-4C8F-BAEA-D95F81BBD5DD}.Debug|Any CPU.ActiveCfg = Debug|Any CPU
		{0EBD2575-E38D-4C8F-BAEA-D95F81BBD5DD}.Debug|Any CPU.Build.0 = Debug|Any CPU
		{0EBD2575-E38D-4C8F-BAEA-D95F81BBD5DD}.Release|Any CPU.ActiveCfg = Release|Any CPU
		{0EBD2575-E38D-4C8F-BAEA-D95F81BBD5DD}.Release|Any CPU.Build.0 = Release|Any CPU
	EndGlobalSection
	GlobalSection(SolutionProperties) = preSolution
		HideSolutionNode = FALSE
	EndGlobalSection
	GlobalSection(NestedProjects) = preSolution
		{14FB6F3B-CD3C-4A43-9E58-448493EB1B1A} = {19DB3EAC-9F3C-44E9-B875-D6AD032AC5B7}
		{B368078A-04EB-4823-A8B2-B31A22A2654A} = {23BAB2C0-CA56-438E-B42B-666E8CDD06A4}
		{839548BE-166F-4A43-A06A-1B3283ED9070} = {23BAB2C0-CA56-438E-B42B-666E8CDD06A4}
		{9C70FC10-95F6-4221-A867-A328B144A1B4} = {23BAB2C0-CA56-438E-B42B-666E8CDD06A4}
		{19194E76-F9C9-44EC-94E1-FDFA46B8BE24} = {23BAB2C0-CA56-438E-B42B-666E8CDD06A4}
		{0AA220FB-A343-4F3E-B662-1D803E1B92F7} = {23BAB2C0-CA56-438E-B42B-666E8CDD06A4}
		{8FAF03F0-060D-47DF-8A92-0665B2428E37} = {23BAB2C0-CA56-438E-B42B-666E8CDD06A4}
		{FDC8865D-31E3-4646-B4DD-7977D976EEE0} = {19DB3EAC-9F3C-44E9-B875-D6AD032AC5B7}
		{B25BCB10-FFAF-41CB-B97E-3CCDEC2B2A5E} = {079D3BE6-8111-4A75-8044-C1049F87CCA5}
		{B3FFD2AA-4EC3-4BE2-ABE0-F2F47D0B4412} = {079D3BE6-8111-4A75-8044-C1049F87CCA5}
		{FB810313-7542-4553-A95B-322321A8D7BD} = {079D3BE6-8111-4A75-8044-C1049F87CCA5}
		{B128601D-1FF0-4183-B5DD-B369C3DE8D1C} = {079D3BE6-8111-4A75-8044-C1049F87CCA5}
		{6B6A5A8A-0A93-4AE3-B8EA-4A0CC44C570B} = {19DB3EAC-9F3C-44E9-B875-D6AD032AC5B7}
		{EC3DCAB5-4310-423B-B865-8DE2915D730D} = {19DB3EAC-9F3C-44E9-B875-D6AD032AC5B7}
		{5166068A-A564-447E-A2A1-E57DA3E70915} = {079D3BE6-8111-4A75-8044-C1049F87CCA5}
		{F8D1F241-B7B7-4674-883B-248F80BF4779} = {079D3BE6-8111-4A75-8044-C1049F87CCA5}
		{0EBD2575-E38D-4C8F-BAEA-D95F81BBD5DD} = {079D3BE6-8111-4A75-8044-C1049F87CCA5}
	EndGlobalSection
	GlobalSection(ExtensibilityGlobals) = postSolution
		SolutionGuid = {D3A06E77-0544-416C-8374-B89A2A7AE3DA}
	EndGlobalSection
EndGlobal
